PODS:
  - Alamofire (4.7.2)
  - CryptoSwift (0.9.0)
  - lottie-ios (2.5.0)
  - SDWebImage (4.3.3):
    - SDWebImage/Core (= 4.3.3)
  - SDWebImage/Core (4.3.3)

DEPENDENCIES:
  - Alamofire (~> 4.7)
  - CryptoSwift
  - lottie-ios
  - SDWebImage (~> 4.0)

SPEC REPOS:
  https://github.com/cocoapods/specs.git:
    - Alamofire
    - CryptoSwift
    - lottie-ios
    - SDWebImage

SPEC CHECKSUMS:
  Alamofire: e4fa87002c137ba2d8d634d2c51fabcda0d5c223
  CryptoSwift: bca8c5b653dcc2d9734409242a070ff53bafac86
  lottie-ios: d699fdee68d7b63e721d949388b015fef1aaa4ac
  SDWebImage: de4d90b5bff3571eae7bd16202b1f43135409fa5

PODFILE CHECKSUM: 2daf0f8559adedb4e83b83793cd84fbce5124fc7

COCOAPODS: 1.5.3
